
Microsoft Visual Studio Solution File, Format Version 12.00
# Visual Studio Version 17
VisualStudioVersion = 17.12.35410.144 d17.12
MinimumVisualStudioVersion = 10.0.40219.1
Project("{FAE04EC0-301F-11D3-BF4B-00C04F79EFBC}") = "Project2C#", "Project2C#.csproj", "{8B85D81F-19BB-4288-A0F0-868764E7364F}"
EndProject
Project("{FAE04EC0-301F-11D3-BF4B-00C04F79EFBC}") = "ClassLibrary1", "..\ClassLibrary1\ClassLibrary1.csproj", "{03212ED5-7C96-4D9D-B383-B7EBC8293574}"
EndProject
Global
	GlobalSection(SolutionConfigurationPlatforms) = preSolution
		Debug|Any CPU = Debug|Any CPU
		Release|Any CPU = Release|Any CPU
	EndGlobalSection
	GlobalSection(ProjectConfigurationPlatforms) = postSolution
		{8B85D81F-19BB-4288-A0F0-868764E7364F}.Debug|Any CPU.ActiveCfg = Debug|Any CPU
		{8B85D81F-19BB-4288-A0F0-868764E7364F}.Debug|Any CPU.Build.0 = Debug|Any CPU
		{8B85D81F-19BB-4288-A0F0-868764E7364F}.Release|Any CPU.ActiveCfg = Release|Any CPU
		{8B85D81F-19BB-4288-A0F0-868764E7364F}.Release|Any CPU.Build.0 = Release|Any CPU
		{03212ED5-7C96-4D9D-B383-B7EBC8293574}.Debug|Any CPU.ActiveCfg = Debug|Any CPU
		{03212ED5-7C96-4D9D-B383-B7EBC8293574}.Debug|Any CPU.Build.0 = Debug|Any CPU
		{03212ED5-7C96-4D9D-B383-B7EBC8293574}.Release|Any CPU.ActiveCfg = Release|Any CPU
		{03212ED5-7C96-4D9D-B383-B7EBC8293574}.Release|Any CPU.Build.0 = Release|Any CPU
	EndGlobalSection
	GlobalSection(SolutionProperties) = preSolution
		HideSolutionNode = FALSE
	EndGlobalSection
EndGlobal
